
Microsoft Visual Studio Solution File, Format Version 12.00
# Visual Studio Version 17
VisualStudioVersion = 17.0.31919.166
MinimumVisualStudioVersion = 10.0.40219.1
Project("{FAE04EC0-301F-11D3-BF4B-00C04F79EFBC}") = "CleanArchitecture.Domain", "CleanArchitecture.Domain.csproj", "{F5A505CB-ECBF-467A-B572-2E1EBA673492}"
EndProject
Project("{FAE04EC0-301F-11D3-BF4B-00C04F79EFBC}") = "CleanArchitecture.Application", "..\CleanArchitecture.Application\CleanArchitecture.Application.csproj", "{D175CA87-A1F6-4B95-AF4E-4C7ADAC917C3}"
EndProject
Project("{FAE04EC0-301F-11D3-BF4B-00C04F79EFBC}") = "CleanArchitecture.Infrastructure", "..\CleanArchitecture.Infrastructure\CleanArchitecture.Infrastructure.csproj", "{84C6CFEE-B632-4816-B536-61D0BEEE09B5}"
EndProject
Project("{FAE04EC0-301F-11D3-BF4B-00C04F79EFBC}") = "CleanArchitecture.API", "..\CleanArchitecture.API\CleanArchitecture.API.csproj", "{BBB635E0-2543-4972-A667-EFFAC5D8C78A}"
EndProject
Global
	GlobalSection(SolutionConfigurationPlatforms) = preSolution
		Debug|Any CPU = Debug|Any CPU
		Release|Any CPU = Release|Any CPU
	EndGlobalSection
	GlobalSection(ProjectConfigurationPlatforms) = postSolution
		{F5A505CB-ECBF-467A-B572-2E1EBA673492}.Debug|Any CPU.ActiveCfg = Debug|Any CPU
		{F5A505CB-ECBF-467A-B572-2E1EBA673492}.Debug|Any CPU.Build.0 = Debug|Any CPU
		{F5A505CB-ECBF-467A-B572-2E1EBA673492}.Release|Any CPU.ActiveCfg = Release|Any CPU
		{F5A505CB-ECBF-467A-B572-2E1EBA673492}.Release|Any CPU.Build.0 = Release|Any CPU
		{D175CA87-A1F6-4B95-AF4E-4C7ADAC917C3}.Debug|Any CPU.ActiveCfg = Debug|Any CPU
		{D175CA87-A1F6-4B95-AF4E-4C7ADAC917C3}.Debug|Any CPU.Build.0 = Debug|Any CPU
		{D175CA87-A1F6-4B95-AF4E-4C7ADAC917C3}.Release|Any CPU.ActiveCfg = Release|Any CPU
		{D175CA87-A1F6-4B95-AF4E-4C7ADAC917C3}.Release|Any CPU.Build.0 = Release|Any CPU
		{84C6CFEE-B632-4816-B536-61D0BEEE09B5}.Debug|Any CPU.ActiveCfg = Debug|Any CPU
		{84C6CFEE-B632-4816-B536-61D0BEEE09B5}.Debug|Any CPU.Build.0 = Debug|Any CPU
		{84C6CFEE-B632-4816-B536-61D0BEEE09B5}.Release|Any CPU.ActiveCfg = Release|Any CPU
		{84C6CFEE-B632-4816-B536-61D0BEEE09B5}.Release|Any CPU.Build.0 = Release|Any CPU
		{BBB635E0-2543-4972-A667-EFFAC5D8C78A}.Debug|Any CPU.ActiveCfg = Debug|Any CPU
		{BBB635E0-2543-4972-A667-EFFAC5D8C78A}.Debug|Any CPU.Build.0 = Debug|Any CPU
		{BBB635E0-2543-4972-A667-EFFAC5D8C78A}.Release|Any CPU.ActiveCfg = Release|Any CPU
		{BBB635E0-2543-4972-A667-EFFAC5D8C78A}.Release|Any CPU.Build.0 = Release|Any CPU
	EndGlobalSection
	GlobalSection(SolutionProperties) = preSolution
		HideSolutionNode = FALSE
	EndGlobalSection
	GlobalSection(ExtensibilityGlobals) = postSolution
		SolutionGuid = {2F808966-E266-4170-9F39-AFEDC9052151}
	EndGlobalSection
EndGlobal
